# This file was autogenerated by Stack.
# You should not edit this file by hand.
# For more information, please see the documentation at:
#   https://docs.haskellstack.org/en/stable/lock_files

packages: []
snapshots:
- completed:
    size: 496463
    url: https://raw.githubusercontent.com/commercialhaskell/stackage-snapshots/master/nightly/2020/3/1.yaml
    sha256: 90a96af46b61643b45a4161287ebfb02fb44764aa53f371b700ba54ac0e920c4
  original: nightly-2020-03-01
